
Microsoft Visual Studio Solution File, Format Version 12.00
# Visual Studio Version 17
VisualStudioVersion = 17.11.35327.3
MinimumVisualStudioVersion = 10.0.40219.1
Project("{FAE04EC0-301F-11D3-BF4B-00C04F79EFBC}") = "Servicios_Jue", "Servicios_Jue\Servicios_Jue.csproj", "{AEF0BF63-27A3-464C-9D95-73425D2EC12A}"
EndProject
Project("{2150E333-8FDC-42A3-9474-1A3956D46DE8}") = "NewFolder1", "NewFolder1", "{305DB28C-E4A9-49ED-84DB-43DF447EF958}"
EndProject
Global
	GlobalSection(SolutionConfigurationPlatforms) = preSolution
		Debug|Any CPU = Debug|Any CPU
		Release|Any CPU = Release|Any CPU
	EndGlobalSection
	GlobalSection(ProjectConfigurationPlatforms) = postSolution
		{AEF0BF63-27A3-464C-9D95-73425D2EC12A}.Debug|Any CPU.ActiveCfg = Debug|Any CPU
		{AEF0BF63-27A3-464C-9D95-73425D2EC12A}.Debug|Any CPU.Build.0 = Debug|Any CPU
		{AEF0BF63-27A3-464C-9D95-73425D2EC12A}.Release|Any CPU.ActiveCfg = Release|Any CPU
		{AEF0BF63-27A3-464C-9D95-73425D2EC12A}.Release|Any CPU.Build.0 = Release|Any CPU
	EndGlobalSection
	GlobalSection(SolutionProperties) = preSolution
		HideSolutionNode = FALSE
	EndGlobalSection
	GlobalSection(ExtensibilityGlobals) = postSolution
		SolutionGuid = {BF6F4F1C-C8F3-4A15-948E-64841B333F6F}
	EndGlobalSection
EndGlobal
